
Microsoft Visual Studio Solution File, Format Version 12.00
# Visual Studio Version 16
VisualStudioVersion = 16.0.31129.286
MinimumVisualStudioVersion = 10.0.40219.1
Project("{FAE04EC0-301F-11D3-BF4B-00C04F79EFBC}") = "Sample_CRUD", "Sample_CRUD\Sample_CRUD.csproj", "{90D506A9-7258-4BB7-BEFA-98A89DE391E4}"
EndProject
Global
	GlobalSection(SolutionConfigurationPlatforms) = preSolution
		Debug|Any CPU = Debug|Any CPU
		Release|Any CPU = Release|Any CPU
	EndGlobalSection
	GlobalSection(ProjectConfigurationPlatforms) = postSolution
		{90D506A9-7258-4BB7-BEFA-98A89DE391E4}.Debug|Any CPU.ActiveCfg = Debug|Any CPU
		{90D506A9-7258-4BB7-BEFA-98A89DE391E4}.Debug|Any CPU.Build.0 = Debug|Any CPU
		{90D506A9-7258-4BB7-BEFA-98A89DE391E4}.Release|Any CPU.ActiveCfg = Release|Any CPU
		{90D506A9-7258-4BB7-BEFA-98A89DE391E4}.Release|Any CPU.Build.0 = Release|Any CPU
	EndGlobalSection
	GlobalSection(SolutionProperties) = preSolution
		HideSolutionNode = FALSE
	EndGlobalSection
	GlobalSection(ExtensibilityGlobals) = postSolution
		SolutionGuid = {C148E81A-CD73-458E-8DC7-8B35A9F1E8F4}
	EndGlobalSection
EndGlobal
